
Microsoft Visual Studio Solution File, Format Version 12.00
# Visual Studio Version 16
VisualStudioVersion = 16.0.31005.135
MinimumVisualStudioVersion = 10.0.40219.1
Project("{FAE04EC0-301F-11D3-BF4B-00C04F79EFBC}") = "Web", "Web\Web.csproj", "{0BFB1C27-BE4B-424C-ACB2-1051DD4E0547}"
EndProject
Project("{FAE04EC0-301F-11D3-BF4B-00C04F79EFBC}") = "Common", "Common\Common.csproj", "{8DC9CDCC-2D2C-4166-96B3-C9CBAD28024A}"
EndProject
Global
	GlobalSection(SolutionConfigurationPlatforms) = preSolution
		Debug|Any CPU = Debug|Any CPU
		Release|Any CPU = Release|Any CPU
	EndGlobalSection
	GlobalSection(ProjectConfigurationPlatforms) = postSolution
		{0BFB1C27-BE4B-424C-ACB2-1051DD4E0547}.Debug|Any CPU.ActiveCfg = Debug|Any CPU
		{0BFB1C27-BE4B-424C-ACB2-1051DD4E0547}.Debug|Any CPU.Build.0 = Debug|Any CPU
		{0BFB1C27-BE4B-424C-ACB2-1051DD4E0547}.Release|Any CPU.ActiveCfg = Release|Any CPU
		{0BFB1C27-BE4B-424C-ACB2-1051DD4E0547}.Release|Any CPU.Build.0 = Release|Any CPU
		{8DC9CDCC-2D2C-4166-96B3-C9CBAD28024A}.Debug|Any CPU.ActiveCfg = Debug|Any CPU
		{8DC9CDCC-2D2C-4166-96B3-C9CBAD28024A}.Debug|Any CPU.Build.0 = Debug|Any CPU
		{8DC9CDCC-2D2C-4166-96B3-C9CBAD28024A}.Release|Any CPU.ActiveCfg = Release|Any CPU
		{8DC9CDCC-2D2C-4166-96B3-C9CBAD28024A}.Release|Any CPU.Build.0 = Release|Any CPU
	EndGlobalSection
	GlobalSection(SolutionProperties) = preSolution
		HideSolutionNode = FALSE
	EndGlobalSection
	GlobalSection(ExtensibilityGlobals) = postSolution
		SolutionGuid = {92F3C7FC-2D8B-4C5A-BEB9-76E3F79E29E4}
	EndGlobalSection
EndGlobal
